
Microsoft Visual Studio Solution File, Format Version 12.00
# Visual Studio Version 17
VisualStudioVersion = 17.13.35919.96
MinimumVisualStudioVersion = 10.0.40219.1
Project("{FAE04EC0-301F-11D3-BF4B-00C04F79EFBC}") = "JustEnoughDrugs", "JustEnoughDrugs.csproj", "{8D9F6AF3-A66E-4D7E-A245-930D2AD9B697}"
EndProject
Global
	GlobalSection(SolutionConfigurationPlatforms) = preSolution
		Debug|Any CPU = Debug|Any CPU
		Debug|ARM64 = Debug|ARM64
		Debug|x64 = Debug|x64
		Release|Any CPU = Release|Any CPU
		Release|ARM64 = Release|ARM64
		Release|x64 = Release|x64
	EndGlobalSection
	GlobalSection(ProjectConfigurationPlatforms) = postSolution
		{8D9F6AF3-A66E-4D7E-A245-930D2AD9B697}.Debug|Any CPU.ActiveCfg = Debug|Any CPU
		{8D9F6AF3-A66E-4D7E-A245-930D2AD9B697}.Debug|Any CPU.Build.0 = Debug|Any CPU
		{8D9F6AF3-A66E-4D7E-A245-930D2AD9B697}.Debug|ARM64.ActiveCfg = Debug|Any CPU
		{8D9F6AF3-A66E-4D7E-A245-930D2AD9B697}.Debug|x64.ActiveCfg = Debug|Any CPU
		{8D9F6AF3-A66E-4D7E-A245-930D2AD9B697}.Debug|x64.Build.0 = Debug|Any CPU
		{8D9F6AF3-A66E-4D7E-A245-930D2AD9B697}.Release|Any CPU.ActiveCfg = Release|Any CPU
		{8D9F6AF3-A66E-4D7E-A245-930D2AD9B697}.Release|Any CPU.Build.0 = Release|Any CPU
		{8D9F6AF3-A66E-4D7E-A245-930D2AD9B697}.Release|ARM64.ActiveCfg = Release|Any CPU
		{8D9F6AF3-A66E-4D7E-A245-930D2AD9B697}.Release|x64.ActiveCfg = Release|Any CPU
	EndGlobalSection
	GlobalSection(SolutionProperties) = preSolution
		HideSolutionNode = FALSE
	EndGlobalSection
	GlobalSection(ExtensibilityGlobals) = postSolution
		SolutionGuid = {0D05E58A-1A13-420D-98B7-A602635AEED1}
	EndGlobalSection
EndGlobal
